
Microsoft Visual Studio Solution File, Format Version 12.00
# Visual Studio 15
VisualStudioVersion = 15.0.28307.1433
MinimumVisualStudioVersion = 10.0.40219.1
Project("{FAE04EC0-301F-11D3-BF4B-00C04F79EFBC}") = "WebApiShopBridgeProducts", "WebApiShopBridgeProducts\WebApiShopBridgeProducts.csproj", "{14BD08BB-2A88-4DC0-9F09-2E2390BE980C}"
EndProject
Project("{FAE04EC0-301F-11D3-BF4B-00C04F79EFBC}") = "MVCShopBridgeProducts", "MVCShopBridgeProducts\MVCShopBridgeProducts.csproj", "{7FE5F6D4-E3F6-470E-BE52-ED2345E885C6}"
EndProject
Global
	GlobalSection(SolutionConfigurationPlatforms) = preSolution
		Debug|Any CPU = Debug|Any CPU
		Release|Any CPU = Release|Any CPU
	EndGlobalSection
	GlobalSection(ProjectConfigurationPlatforms) = postSolution
		{14BD08BB-2A88-4DC0-9F09-2E2390BE980C}.Debug|Any CPU.ActiveCfg = Debug|Any CPU
		{14BD08BB-2A88-4DC0-9F09-2E2390BE980C}.Debug|Any CPU.Build.0 = Debug|Any CPU
		{14BD08BB-2A88-4DC0-9F09-2E2390BE980C}.Release|Any CPU.ActiveCfg = Release|Any CPU
		{14BD08BB-2A88-4DC0-9F09-2E2390BE980C}.Release|Any CPU.Build.0 = Release|Any CPU
		{7FE5F6D4-E3F6-470E-BE52-ED2345E885C6}.Debug|Any CPU.ActiveCfg = Debug|Any CPU
		{7FE5F6D4-E3F6-470E-BE52-ED2345E885C6}.Debug|Any CPU.Build.0 = Debug|Any CPU
		{7FE5F6D4-E3F6-470E-BE52-ED2345E885C6}.Release|Any CPU.ActiveCfg = Release|Any CPU
		{7FE5F6D4-E3F6-470E-BE52-ED2345E885C6}.Release|Any CPU.Build.0 = Release|Any CPU
	EndGlobalSection
	GlobalSection(SolutionProperties) = preSolution
		HideSolutionNode = FALSE
	EndGlobalSection
	GlobalSection(ExtensibilityGlobals) = postSolution
		SolutionGuid = {8A5BD44D-CBAC-4274-B2B1-BE81EC987CB7}
	EndGlobalSection
EndGlobal
